
Microsoft Visual Studio Solution File, Format Version 12.00
# Visual Studio 14
VisualStudioVersion = 14.0.25420.1
MinimumVisualStudioVersion = 10.0.40219.1
Project("{FAE04EC0-301F-11D3-BF4B-00C04F79EFBC}") = "Simbirsoft1", "Simbirsoft1\Simbirsoft1.csproj", "{34E3ECA1-D362-458D-86F0-F0E0437A0A34}"
EndProject
Project("{FAE04EC0-301F-11D3-BF4B-00C04F79EFBC}") = "TestProject", "TestProject\TestProject.csproj", "{AFAFC1B0-621B-458D-BB39-F0338F95F602}"
EndProject
Global
	GlobalSection(SolutionConfigurationPlatforms) = preSolution
		Debug|Any CPU = Debug|Any CPU
		Release|Any CPU = Release|Any CPU
	EndGlobalSection
	GlobalSection(ProjectConfigurationPlatforms) = postSolution
		{34E3ECA1-D362-458D-86F0-F0E0437A0A34}.Debug|Any CPU.ActiveCfg = Debug|Any CPU
		{34E3ECA1-D362-458D-86F0-F0E0437A0A34}.Debug|Any CPU.Build.0 = Debug|Any CPU
		{34E3ECA1-D362-458D-86F0-F0E0437A0A34}.Release|Any CPU.ActiveCfg = Release|Any CPU
		{34E3ECA1-D362-458D-86F0-F0E0437A0A34}.Release|Any CPU.Build.0 = Release|Any CPU
		{AFAFC1B0-621B-458D-BB39-F0338F95F602}.Debug|Any CPU.ActiveCfg = Debug|Any CPU
		{AFAFC1B0-621B-458D-BB39-F0338F95F602}.Debug|Any CPU.Build.0 = Debug|Any CPU
		{AFAFC1B0-621B-458D-BB39-F0338F95F602}.Release|Any CPU.ActiveCfg = Release|Any CPU
		{AFAFC1B0-621B-458D-BB39-F0338F95F602}.Release|Any CPU.Build.0 = Release|Any CPU
	EndGlobalSection
	GlobalSection(SolutionProperties) = preSolution
		HideSolutionNode = FALSE
	EndGlobalSection
EndGlobal
